
Microsoft Visual Studio Solution File, Format Version 12.00
# Visual Studio Version 17
VisualStudioVersion = 17.14.36414.22 d17.14
MinimumVisualStudioVersion = 10.0.40219.1
Project("{FAE04EC0-301F-11D3-BF4B-00C04F79EFBC}") = "DietCanteen", "DietCanteen.csproj", "{CEF9B7F3-BF0C-4EE2-AEFB-6821A55A0301}"
EndProject
Global
	GlobalSection(SolutionConfigurationPlatforms) = preSolution
		Debug|Any CPU = Debug|Any CPU
		Release|Any CPU = Release|Any CPU
	EndGlobalSection
	GlobalSection(ProjectConfigurationPlatforms) = postSolution
		{CEF9B7F3-BF0C-4EE2-AEFB-6821A55A0301}.Debug|Any CPU.ActiveCfg = Debug|Any CPU
		{CEF9B7F3-BF0C-4EE2-AEFB-6821A55A0301}.Debug|Any CPU.Build.0 = Debug|Any CPU
		{CEF9B7F3-BF0C-4EE2-AEFB-6821A55A0301}.Release|Any CPU.ActiveCfg = Release|Any CPU
		{CEF9B7F3-BF0C-4EE2-AEFB-6821A55A0301}.Release|Any CPU.Build.0 = Release|Any CPU
	EndGlobalSection
	GlobalSection(SolutionProperties) = preSolution
		HideSolutionNode = FALSE
	EndGlobalSection
	GlobalSection(ExtensibilityGlobals) = postSolution
		SolutionGuid = {D2BF6634-26C0-43FC-A69D-FC5F5A8ABD77}
	EndGlobalSection
EndGlobal
